
Microsoft Visual Studio Solution File, Format Version 12.00
# Visual Studio Version 17
VisualStudioVersion = 17.8.34227.203
MinimumVisualStudioVersion = 10.0.40219.1
Project("{FAE04EC0-301F-11D3-BF4B-00C04F79EFBC}") = "MagicVilla_CouponAPI", "MagicVilla_CouponAPI\MagicVilla_CouponAPI.csproj", "{542DA7B2-33D1-4E86-BBFA-CAC6F6A25DDE}"
EndProject
Global
	GlobalSection(SolutionConfigurationPlatforms) = preSolution
		Debug|Any CPU = Debug|Any CPU
		Release|Any CPU = Release|Any CPU
	EndGlobalSection
	GlobalSection(ProjectConfigurationPlatforms) = postSolution
		{542DA7B2-33D1-4E86-BBFA-CAC6F6A25DDE}.Debug|Any CPU.ActiveCfg = Debug|Any CPU
		{542DA7B2-33D1-4E86-BBFA-CAC6F6A25DDE}.Debug|Any CPU.Build.0 = Debug|Any CPU
		{542DA7B2-33D1-4E86-BBFA-CAC6F6A25DDE}.Release|Any CPU.ActiveCfg = Release|Any CPU
		{542DA7B2-33D1-4E86-BBFA-CAC6F6A25DDE}.Release|Any CPU.Build.0 = Release|Any CPU
	EndGlobalSection
	GlobalSection(SolutionProperties) = preSolution
		HideSolutionNode = FALSE
	EndGlobalSection
	GlobalSection(ExtensibilityGlobals) = postSolution
		SolutionGuid = {12BDE073-1F03-433E-8979-F79CE4C96C15}
	EndGlobalSection
EndGlobal
